
Microsoft Visual Studio Solution File, Format Version 12.00
# Visual Studio Version 16
VisualStudioVersion = 16.0.30309.148
MinimumVisualStudioVersion = 10.0.40219.1
Project("{FAE04EC0-301F-11D3-BF4B-00C04F79EFBC}") = "EmpresaWeb.Api", "EmpresaWeb.Api\EmpresaWeb.Api.csproj", "{B51FFD79-6F24-4E91-97EC-12BC21BF607D}"
EndProject
Global
	GlobalSection(SolutionConfigurationPlatforms) = preSolution
		Debug|Any CPU = Debug|Any CPU
		Release|Any CPU = Release|Any CPU
	EndGlobalSection
	GlobalSection(ProjectConfigurationPlatforms) = postSolution
		{B51FFD79-6F24-4E91-97EC-12BC21BF607D}.Debug|Any CPU.ActiveCfg = Debug|Any CPU
		{B51FFD79-6F24-4E91-97EC-12BC21BF607D}.Debug|Any CPU.Build.0 = Debug|Any CPU
		{B51FFD79-6F24-4E91-97EC-12BC21BF607D}.Release|Any CPU.ActiveCfg = Release|Any CPU
		{B51FFD79-6F24-4E91-97EC-12BC21BF607D}.Release|Any CPU.Build.0 = Release|Any CPU
	EndGlobalSection
	GlobalSection(SolutionProperties) = preSolution
		HideSolutionNode = FALSE
	EndGlobalSection
	GlobalSection(ExtensibilityGlobals) = postSolution
		SolutionGuid = {CDB8D217-FC27-4D60-97FD-044F1B7CEA1D}
	EndGlobalSection
EndGlobal
